
Microsoft Visual Studio Solution File, Format Version 12.00
# Visual Studio Version 16
VisualStudioVersion = 16.0.31424.327
MinimumVisualStudioVersion = 10.0.40219.1
Project("{9A19103F-16F7-4668-BE54-9A1E7A4F7556}") = "02_Intro", "02_Intro\02_Intro.csproj", "{288E71FE-9031-439A-A0A6-DF17A5AF68A5}"
EndProject
Project("{9A19103F-16F7-4668-BE54-9A1E7A4F7556}") = "03_Intro", "03_Intro\03_Intro.csproj", "{232600D7-EF79-4364-8A56-F63D1076629E}"
EndProject
Project("{9A19103F-16F7-4668-BE54-9A1E7A4F7556}") = "04_Encapsulation", "04_Encapsulation\04_Encapsulation.csproj", "{1AAF51A2-4DA6-431B-B270-F8FBAAEE7478}"
EndProject
Project("{9A19103F-16F7-4668-BE54-9A1E7A4F7556}") = "05_Property", "05_Property\05_Property.csproj", "{0033401E-5589-41A2-8C0B-245E3677F280}"
EndProject
Project("{9A19103F-16F7-4668-BE54-9A1E7A4F7556}") = "06_AccessModifiers", "06_AccessModifiers\06_AccessModifiers.csproj", "{3D06DC71-58CB-46F4-AEFD-77FACD0CF49E}"
EndProject
Project("{9A19103F-16F7-4668-BE54-9A1E7A4F7556}") = "09_Inheritance", "09_Inheritance\09_Inheritance.csproj", "{8B55F57E-8493-4B03-B490-33A784EC593B}"
EndProject
Project("{9A19103F-16F7-4668-BE54-9A1E7A4F7556}") = "10_MemberHiding", "10_MemberHiding\10_MemberHiding.csproj", "{FA46C111-455B-455F-B6E2-229F39446366}"
EndProject
Project("{9A19103F-16F7-4668-BE54-9A1E7A4F7556}") = "11_Sealed", "11_Sealed\11_Sealed.csproj", "{C78B3FDE-F533-46D9-8678-83A4DC70317A}"
EndProject
Project("{9A19103F-16F7-4668-BE54-9A1E7A4F7556}") = "12_DiamondProblem", "12_DiamondProblem\12_DiamondProblem.csproj", "{04EA1355-977A-4CC1-9D2E-4A980A8ED053}"
EndProject
Project("{9A19103F-16F7-4668-BE54-9A1E7A4F7556}") = "13_Polymorphism", "13_Polymorphism\13_Polymorphism.csproj", "{D0D32708-6026-4F27-A740-9CE1285B46E1}"
EndProject
Project("{2150E333-8FDC-42A3-9474-1A3956D46DE8}") = "02_OOP", "02_OOP", "{71FF1E14-5623-4016-AC35-BE2C7B33F7BE}"
EndProject
Project("{2150E333-8FDC-42A3-9474-1A3956D46DE8}") = "01_OOP", "01_OOP", "{DB99D2C6-50BE-406B-9F7B-05F117D212A9}"
EndProject
Project("{9A19103F-16F7-4668-BE54-9A1E7A4F7556}") = "14_Polymorphism", "14_Polymorphism\14_Polymorphism.csproj", "{2533A889-A74F-41D6-A4E0-4B9BC3EA9143}"
EndProject
Project("{9A19103F-16F7-4668-BE54-9A1E7A4F7556}") = "15_ToString", "15_ToString\15_ToString.csproj", "{1B69D7DE-06B2-4C0C-BED8-F323C54D1E9B}"
EndProject
Project("{9A19103F-16F7-4668-BE54-9A1E7A4F7556}") = "16_Abstract", "16_Abstract\16_Abstract.csproj", "{45118EAD-1942-43B4-AFD5-D7A228A70DBB}"
EndProject
Project("{FAE04EC0-301F-11D3-BF4B-00C04F79EFBC}") = "01_Switch", "01_Switch\01_Switch.csproj", "{DFD898EB-AD26-4110-8804-FBEEA709274C}"
EndProject
Global
	GlobalSection(SolutionConfigurationPlatforms) = preSolution
		Debug|Any CPU = Debug|Any CPU
		Release|Any CPU = Release|Any CPU
	EndGlobalSection
	GlobalSection(ProjectConfigurationPlatforms) = postSolution
		{288E71FE-9031-439A-A0A6-DF17A5AF68A5}.Debug|Any CPU.ActiveCfg = Debug|Any CPU
		{288E71FE-9031-439A-A0A6-DF17A5AF68A5}.Debug|Any CPU.Build.0 = Debug|Any CPU
		{288E71FE-9031-439A-A0A6-DF17A5AF68A5}.Release|Any CPU.ActiveCfg = Release|Any CPU
		{288E71FE-9031-439A-A0A6-DF17A5AF68A5}.Release|Any CPU.Build.0 = Release|Any CPU
		{232600D7-EF79-4364-8A56-F63D1076629E}.Debug|Any CPU.ActiveCfg = Debug|Any CPU
		{232600D7-EF79-4364-8A56-F63D1076629E}.Debug|Any CPU.Build.0 = Debug|Any CPU
		{232600D7-EF79-4364-8A56-F63D1076629E}.Release|Any CPU.ActiveCfg = Release|Any CPU
		{232600D7-EF79-4364-8A56-F63D1076629E}.Release|Any CPU.Build.0 = Release|Any CPU
		{1AAF51A2-4DA6-431B-B270-F8FBAAEE7478}.Debug|Any CPU.ActiveCfg = Debug|Any CPU
		{1AAF51A2-4DA6-431B-B270-F8FBAAEE7478}.Debug|Any CPU.Build.0 = Debug|Any CPU
		{1AAF51A2-4DA6-431B-B270-F8FBAAEE7478}.Release|Any CPU.ActiveCfg = Release|Any CPU
		{1AAF51A2-4DA6-431B-B270-F8FBAAEE7478}.Release|Any CPU.Build.0 = Release|Any CPU
		{0033401E-5589-41A2-8C0B-245E3677F280}.Debug|Any CPU.ActiveCfg = Debug|Any CPU
		{0033401E-5589-41A2-8C0B-245E3677F280}.Debug|Any CPU.Build.0 = Debug|Any CPU
		{0033401E-5589-41A2-8C0B-245E3677F280}.Release|Any CPU.ActiveCfg = Release|Any CPU
		{0033401E-5589-41A2-8C0B-245E3677F280}.Release|Any CPU.Build.0 = Release|Any CPU
		{3D06DC71-58CB-46F4-AEFD-77FACD0CF49E}.Debug|Any CPU.ActiveCfg = Debug|Any CPU
		{3D06DC71-58CB-46F4-AEFD-77FACD0CF49E}.Debug|Any CPU.Build.0 = Debug|Any CPU
		{3D06DC71-58CB-46F4-AEFD-77FACD0CF49E}.Release|Any CPU.ActiveCfg = Release|Any CPU
		{3D06DC71-58CB-46F4-AEFD-77FACD0CF49E}.Release|Any CPU.Build.0 = Release|Any CPU
		{8B55F57E-8493-4B03-B490-33A784EC593B}.Debug|Any CPU.ActiveCfg = Debug|Any CPU
		{8B55F57E-8493-4B03-B490-33A784EC593B}.Debug|Any CPU.Build.0 = Debug|Any CPU
		{8B55F57E-8493-4B03-B490-33A784EC593B}.Release|Any CPU.ActiveCfg = Release|Any CPU
		{8B55F57E-8493-4B03-B490-33A784EC593B}.Release|Any CPU.Build.0 = Release|Any CPU
		{FA46C111-455B-455F-B6E2-229F39446366}.Debug|Any CPU.ActiveCfg = Debug|Any CPU
		{FA46C111-455B-455F-B6E2-229F39446366}.Debug|Any CPU.Build.0 = Debug|Any CPU
		{FA46C111-455B-455F-B6E2-229F39446366}.Release|Any CPU.ActiveCfg = Release|Any CPU
		{FA46C111-455B-455F-B6E2-229F39446366}.Release|Any CPU.Build.0 = Release|Any CPU
		{C78B3FDE-F533-46D9-8678-83A4DC70317A}.Debug|Any CPU.ActiveCfg = Debug|Any CPU
		{C78B3FDE-F533-46D9-8678-83A4DC70317A}.Debug|Any CPU.Build.0 = Debug|Any CPU
		{C78B3FDE-F533-46D9-8678-83A4DC70317A}.Release|Any CPU.ActiveCfg = Release|Any CPU
		{C78B3FDE-F533-46D9-8678-83A4DC70317A}.Release|Any CPU.Build.0 = Release|Any CPU
		{04EA1355-977A-4CC1-9D2E-4A980A8ED053}.Debug|Any CPU.ActiveCfg = Debug|Any CPU
		{04EA1355-977A-4CC1-9D2E-4A980A8ED053}.Debug|Any CPU.Build.0 = Debug|Any CPU
		{04EA1355-977A-4CC1-9D2E-4A980A8ED053}.Release|Any CPU.ActiveCfg = Release|Any CPU
		{04EA1355-977A-4CC1-9D2E-4A980A8ED053}.Release|Any CPU.Build.0 = Release|Any CPU
		{D0D32708-6026-4F27-A740-9CE1285B46E1}.Debug|Any CPU.ActiveCfg = Debug|Any CPU
		{D0D32708-6026-4F27-A740-9CE1285B46E1}.Debug|Any CPU.Build.0 = Debug|Any CPU
		{D0D32708-6026-4F27-A740-9CE1285B46E1}.Release|Any CPU.ActiveCfg = Release|Any CPU
		{D0D32708-6026-4F27-A740-9CE1285B46E1}.Release|Any CPU.Build.0 = Release|Any CPU
		{2533A889-A74F-41D6-A4E0-4B9BC3EA9143}.Debug|Any CPU.ActiveCfg = Debug|Any CPU
		{2533A889-A74F-41D6-A4E0-4B9BC3EA9143}.Debug|Any CPU.Build.0 = Debug|Any CPU
		{2533A889-A74F-41D6-A4E0-4B9BC3EA9143}.Release|Any CPU.ActiveCfg = Release|Any CPU
		{2533A889-A74F-41D6-A4E0-4B9BC3EA9143}.Release|Any CPU.Build.0 = Release|Any CPU
		{1B69D7DE-06B2-4C0C-BED8-F323C54D1E9B}.Debug|Any CPU.ActiveCfg = Debug|Any CPU
		{1B69D7DE-06B2-4C0C-BED8-F323C54D1E9B}.Debug|Any CPU.Build.0 = Debug|Any CPU
		{1B69D7DE-06B2-4C0C-BED8-F323C54D1E9B}.Release|Any CPU.ActiveCfg = Release|Any CPU
		{1B69D7DE-06B2-4C0C-BED8-F323C54D1E9B}.Release|Any CPU.Build.0 = Release|Any CPU
		{45118EAD-1942-43B4-AFD5-D7A228A70DBB}.Debug|Any CPU.ActiveCfg = Debug|Any CPU
		{45118EAD-1942-43B4-AFD5-D7A228A70DBB}.Debug|Any CPU.Build.0 = Debug|Any CPU
		{45118EAD-1942-43B4-AFD5-D7A228A70DBB}.Release|Any CPU.ActiveCfg = Release|Any CPU
		{45118EAD-1942-43B4-AFD5-D7A228A70DBB}.Release|Any CPU.Build.0 = Release|Any CPU
		{DFD898EB-AD26-4110-8804-FBEEA709274C}.Debug|Any CPU.ActiveCfg = Debug|Any CPU
		{DFD898EB-AD26-4110-8804-FBEEA709274C}.Debug|Any CPU.Build.0 = Debug|Any CPU
		{DFD898EB-AD26-4110-8804-FBEEA709274C}.Release|Any CPU.ActiveCfg = Release|Any CPU
		{DFD898EB-AD26-4110-8804-FBEEA709274C}.Release|Any CPU.Build.0 = Release|Any CPU
	EndGlobalSection
	GlobalSection(SolutionProperties) = preSolution
		HideSolutionNode = FALSE
	EndGlobalSection
	GlobalSection(NestedProjects) = preSolution
		{288E71FE-9031-439A-A0A6-DF17A5AF68A5} = {DB99D2C6-50BE-406B-9F7B-05F117D212A9}
		{232600D7-EF79-4364-8A56-F63D1076629E} = {DB99D2C6-50BE-406B-9F7B-05F117D212A9}
		{1AAF51A2-4DA6-431B-B270-F8FBAAEE7478} = {DB99D2C6-50BE-406B-9F7B-05F117D212A9}
		{0033401E-5589-41A2-8C0B-245E3677F280} = {DB99D2C6-50BE-406B-9F7B-05F117D212A9}
		{3D06DC71-58CB-46F4-AEFD-77FACD0CF49E} = {DB99D2C6-50BE-406B-9F7B-05F117D212A9}
		{8B55F57E-8493-4B03-B490-33A784EC593B} = {71FF1E14-5623-4016-AC35-BE2C7B33F7BE}
		{FA46C111-455B-455F-B6E2-229F39446366} = {71FF1E14-5623-4016-AC35-BE2C7B33F7BE}
		{C78B3FDE-F533-46D9-8678-83A4DC70317A} = {71FF1E14-5623-4016-AC35-BE2C7B33F7BE}
		{04EA1355-977A-4CC1-9D2E-4A980A8ED053} = {71FF1E14-5623-4016-AC35-BE2C7B33F7BE}
		{D0D32708-6026-4F27-A740-9CE1285B46E1} = {71FF1E14-5623-4016-AC35-BE2C7B33F7BE}
		{2533A889-A74F-41D6-A4E0-4B9BC3EA9143} = {71FF1E14-5623-4016-AC35-BE2C7B33F7BE}
		{1B69D7DE-06B2-4C0C-BED8-F323C54D1E9B} = {71FF1E14-5623-4016-AC35-BE2C7B33F7BE}
		{45118EAD-1942-43B4-AFD5-D7A228A70DBB} = {71FF1E14-5623-4016-AC35-BE2C7B33F7BE}
		{DFD898EB-AD26-4110-8804-FBEEA709274C} = {DB99D2C6-50BE-406B-9F7B-05F117D212A9}
	EndGlobalSection
	GlobalSection(ExtensibilityGlobals) = postSolution
		SolutionGuid = {B39EDE94-C42D-462E-9D10-694EFD23BDC8}
	EndGlobalSection
EndGlobal
